
Microsoft Visual Studio Solution File, Format Version 12.00
# Visual Studio Version 16
VisualStudioVersion = 16.0.30503.244
MinimumVisualStudioVersion = 10.0.40219.1
Project("{FAE04EC0-301F-11D3-BF4B-00C04F79EFBC}") = "UnitTestLesson", "UnitTestLesson\UnitTestLesson.csproj", "{45873947-CD55-483D-A298-B0534705AD92}"
EndProject
Project("{FAE04EC0-301F-11D3-BF4B-00C04F79EFBC}") = "UnitTestLesson.Tests", "UnitTestLesson.Tests\UnitTestLesson.Tests.csproj", "{419A5B65-87FB-4072-93D6-1A1F08947C9B}"
EndProject
Global
	GlobalSection(SolutionConfigurationPlatforms) = preSolution
		Debug|Any CPU = Debug|Any CPU
		Release|Any CPU = Release|Any CPU
	EndGlobalSection
	GlobalSection(ProjectConfigurationPlatforms) = postSolution
		{45873947-CD55-483D-A298-B0534705AD92}.Debug|Any CPU.ActiveCfg = Debug|Any CPU
		{45873947-CD55-483D-A298-B0534705AD92}.Debug|Any CPU.Build.0 = Debug|Any CPU
		{45873947-CD55-483D-A298-B0534705AD92}.Release|Any CPU.ActiveCfg = Release|Any CPU
		{45873947-CD55-483D-A298-B0534705AD92}.Release|Any CPU.Build.0 = Release|Any CPU
		{419A5B65-87FB-4072-93D6-1A1F08947C9B}.Debug|Any CPU.ActiveCfg = Debug|Any CPU
		{419A5B65-87FB-4072-93D6-1A1F08947C9B}.Debug|Any CPU.Build.0 = Debug|Any CPU
		{419A5B65-87FB-4072-93D6-1A1F08947C9B}.Release|Any CPU.ActiveCfg = Release|Any CPU
		{419A5B65-87FB-4072-93D6-1A1F08947C9B}.Release|Any CPU.Build.0 = Release|Any CPU
	EndGlobalSection
	GlobalSection(SolutionProperties) = preSolution
		HideSolutionNode = FALSE
	EndGlobalSection
	GlobalSection(ExtensibilityGlobals) = postSolution
		SolutionGuid = {24166768-8A6A-4327-9C53-DA28CB3BC861}
	EndGlobalSection
EndGlobal
